
Microsoft Visual Studio Solution File, Format Version 12.00
Project("{FAE04EC0-301F-11D3-BF4B-00C04F79EFBC}") = "QueueIT", "QueueIT\QueueIT.csproj", "{DA121FC4-1FA4-4C2F-BCBF-D8E65C3CF584}"
EndProject
Project("{FAE04EC0-301F-11D3-BF4B-00C04F79EFBC}") = "QueueITTests", "QueueITTests\QueueITTests.csproj", "{48D93D27-A573-43BB-BA6C-6BDDD56192D0}"
EndProject
Global
	GlobalSection(SolutionConfigurationPlatforms) = preSolution
		Debug|Any CPU = Debug|Any CPU
		Release|Any CPU = Release|Any CPU
	EndGlobalSection
	GlobalSection(ProjectConfigurationPlatforms) = postSolution
		{DA121FC4-1FA4-4C2F-BCBF-D8E65C3CF584}.Debug|Any CPU.ActiveCfg = Debug|Any CPU
		{DA121FC4-1FA4-4C2F-BCBF-D8E65C3CF584}.Debug|Any CPU.Build.0 = Debug|Any CPU
		{DA121FC4-1FA4-4C2F-BCBF-D8E65C3CF584}.Release|Any CPU.ActiveCfg = Release|Any CPUgit 
		{DA121FC4-1FA4-4C2F-BCBF-D8E65C3CF584}.Release|Any CPU.Build.0 = Release|Any CPU
		{48D93D27-A573-43BB-BA6C-6BDDD56192D0}.Debug|Any CPU.ActiveCfg = Debug|Any CPU
		{48D93D27-A573-43BB-BA6C-6BDDD56192D0}.Debug|Any CPU.Build.0 = Debug|Any CPU
		{48D93D27-A573-43BB-BA6C-6BDDD56192D0}.Release|Any CPU.ActiveCfg = Release|Any CPU
		{48D93D27-A573-43BB-BA6C-6BDDD56192D0}.Release|Any CPU.Build.0 = Release|Any CPU
	EndGlobalSection
EndGlobal
